<?xml version="1.0" encoding="utf-8"?>
<Project ToolsVersion="4.0" xmlns="http://schemas.microsoft.com/developer/msbuild/2003">
  <ItemGroup>
    <ClInclude Include="src\tools\imgui\imconfig.h">
      <Filter>src\imgui</Filter>
    </ClInclude>
    <ClInclude Include="src\tools\imgui\imgui.h">
      <Filter>src\imgui</Filter>
    </ClInclude>
    <ClInclude Include="src\tools\imgui\imgui_impl_sdl_gl3.h">
      <Filter>src\imgui</Filter>
    </ClInclude>
    <ClInclude Include="src\tools\imgui\imgui_internal.h">
      <Filter>src\imgui</Filter>
    </ClInclude>
    <ClInclude Include="src\tools\imgui\stb_rect_pack.h">
      <Filter>src\imgui</Filter>
    </ClInclude>
    <ClInclude Include="src\tools\imgui\stb_textedit.h">
      <Filter>src\imgui</Filter>
    </ClInclude>
    <ClInclude Include="src\tools\imgui\stb_truetype.h">
      <Filter>src\imgui</Filter>
    </ClInclude>
    <ClInclude Include="src\tools\input.h">
      <Filter>src</Filter>
    </ClInclude>
    <ClInclude Include="src\tools\name.h">
      <Filter>src</Filter>
    </ClInclude>
    <ClInclude Include="src\tools\editor\editor_main.h">
      <Filter>src\tools\editor</Filter>
    </ClInclude>
    <ClInclude Include="src\common\util\geometry\collision.h">
      <Filter>src\common\util\geometry</Filter>
    </ClInclude>
    <ClInclude Include="src\common\util\geometry\vec.h">
      <Filter>src\common\util\geometry</Filter>
    </ClInclude>
    <ClInclude Include="src\common\util\memory\stack_allocator.h">
      <Filter>src\common\util\memory</Filter>
    </ClInclude>
    <ClInclude Include="src\common\util\memory\free_list_allocator.h">
      <Filter>src\common\util\memory</Filter>
    </ClInclude>
    <ClInclude Include="src\tools\editor\memory\editor_memory.h">
      <Filter>src\tools\editor\memory</Filter>
    </ClInclude>
    <ClInclude Include="src\common\util\handle.h">
      <Filter>src\common\util</Filter>
    </ClInclude>
    <ClInclude Include="src\common\util\array\sorted.h">
      <Filter>src\common\util\array</Filter>
    </ClInclude>
    <ClInclude Include="src\common\entity\movement.h">
      <Filter>src\common\entity</Filter>
    </ClInclude>
    <ClInclude Include="src\common\entity\action\basic_actions.h">
      <Filter>src\common\entity\action</Filter>
    </ClInclude>
    <ClInclude Include="src\common\util\array\table.h">
      <Filter>src\common\util\array</Filter>
    </ClInclude>
    <ClInclude Include="src\common\util\array\join.h">
      <Filter>src\common\util\array</Filter>
    </ClInclude>
    <ClInclude Include="src\tools\editor\editor_action.h">
      <Filter>src\tools\editor</Filter>
    </ClInclude>
  </ItemGroup>
  <ItemGroup>
    <ClCompile Include="src\tools\imgui\imgui.cpp">
      <Filter>src\imgui</Filter>
    </ClCompile>
    <ClCompile Include="src\tools\imgui\imgui_demo.cpp">
      <Filter>src\imgui</Filter>
    </ClCompile>
    <ClCompile Include="src\tools\imgui\imgui_draw.cpp">
      <Filter>src\imgui</Filter>
    </ClCompile>
    <ClCompile Include="src\tools\imgui\imgui_impl_sdl_gl3.cpp">
      <Filter>src\imgui</Filter>
    </ClCompile>
    <ClCompile Include="src\tools\main.cpp">
      <Filter>src</Filter>
    </ClCompile>
    <ClCompile Include="src\tools\input.cpp">
      <Filter>src</Filter>
    </ClCompile>
    <ClCompile Include="src\tools\name.cpp">
      <Filter>src</Filter>
    </ClCompile>
    <ClCompile Include="src\tools\editor\editor_main.cpp">
      <Filter>src\tools\editor</Filter>
    </ClCompile>
    <ClCompile Include="src\common\util\geometry\collision.cpp">
      <Filter>src\common\util\geometry</Filter>
    </ClCompile>
    <ClCompile Include="src\common\util\geometry\vec.cpp">
      <Filter>src\common\util\geometry</Filter>
    </ClCompile>
    <ClCompile Include="src\common\util\memory\stack_allocator.cpp">
      <Filter>src\common\util\memory</Filter>
    </ClCompile>
    <ClCompile Include="src\common\util\memory\free_list_allocator.cpp">
      <Filter>src\common\util\memory</Filter>
    </ClCompile>
    <ClCompile Include="src\tools\editor\memory\editor_memory.cpp">
      <Filter>src\tools\editor\memory</Filter>
    </ClCompile>
    <ClCompile Include="src\common\util\array\sorted.cpp">
      <Filter>src\common\util\array</Filter>
    </ClCompile>
    <ClCompile Include="src\common\entity\movement.cpp">
      <Filter>src\common\entity</Filter>
    </ClCompile>
    <ClCompile Include="src\common\entity\action\basic_actions.cpp">
      <Filter>src\common\entity\action</Filter>
    </ClCompile>
    <ClCompile Include="src\common\util\array\table.cpp">
      <Filter>src\common\util\array</Filter>
    </ClCompile>
    <ClCompile Include="src\tools\editor\editor_action.cpp">
      <Filter>src\tools\editor</Filter>
    </ClCompile>
  </ItemGroup>
  <ItemGroup>
    <Filter Include="src">
      <UniqueIdentifier>{4e572b00-ff4f-4358-b2c9-46374ec045a8}</UniqueIdentifier>
    </Filter>
    <Filter Include="src\imgui">
      <UniqueIdentifier>{60a53c5e-cf17-4b0d-9cce-06b7055b8087}</UniqueIdentifier>
    </Filter>
    <Filter Include="src\common">
      <UniqueIdentifier>{3390f1d4-b634-46af-b512-06f3291f6486}</UniqueIdentifier>
    </Filter>
    <Filter Include="src\tools">
      <UniqueIdentifier>{fe67289b-b494-4b9a-8cf0-adc0ebe341e5}</UniqueIdentifier>
    </Filter>
    <Filter Include="src\tools\editor">
      <UniqueIdentifier>{eb3d9844-65e2-4100-b110-8586f572b722}</UniqueIdentifier>
    </Filter>
    <Filter Include="src\common\util">
      <UniqueIdentifier>{3ac4f0f8-7749-4df6-a68d-e1aaef436326}</UniqueIdentifier>
    </Filter>
    <Filter Include="src\common\util\geometry">
      <UniqueIdentifier>{cbfb7ef9-4bb5-4940-a60e-59ed8a5e314c}</UniqueIdentifier>
    </Filter>
    <Filter Include="src\common\util\memory">
      <UniqueIdentifier>{dad90855-0f7d-4393-9b4a-93e60b8ac284}</UniqueIdentifier>
    </Filter>
    <Filter Include="src\tools\editor\memory">
      <UniqueIdentifier>{6e9322bb-68d6-4abb-a615-cba0a7adc70d}</UniqueIdentifier>
    </Filter>
    <Filter Include="src\common\entity">
      <UniqueIdentifier>{35e0130c-46f8-4525-850f-987bd834849c}</UniqueIdentifier>
    </Filter>
    <Filter Include="src\common\util\array">
      <UniqueIdentifier>{a5003065-a482-4c1f-a307-b1c54b616e39}</UniqueIdentifier>
    </Filter>
    <Filter Include="src\common\entity\action">
      <UniqueIdentifier>{c8bdfb20-d68c-4f45-bad1-658e7080e2c8}</UniqueIdentifier>
    </Filter>
  </ItemGroup>
</Project>